
Microsoft Visual Studio Solution File, Format Version 12.00
# Visual Studio Version 17
VisualStudioVersion = 17.0.31919.166
MinimumVisualStudioVersion = 10.0.40219.1
Project("{FAE04EC0-301F-11D3-BF4B-00C04F79EFBC}") = "TiposDadosConversoesOperadores", "TiposDadosConversoesOperadores\TiposDadosConversoesOperadores.csproj", "{C5839474-FFB3-4390-B254-D590842B6784}"
EndProject
Global
	GlobalSection(SolutionConfigurationPlatforms) = preSolution
		Debug|Any CPU = Debug|Any CPU
		Release|Any CPU = Release|Any CPU
	EndGlobalSection
	GlobalSection(ProjectConfigurationPlatforms) = postSolution
		{C5839474-FFB3-4390-B254-D590842B6784}.Debug|Any CPU.ActiveCfg = Debug|Any CPU
		{C5839474-FFB3-4390-B254-D590842B6784}.Debug|Any CPU.Build.0 = Debug|Any CPU
		{C5839474-FFB3-4390-B254-D590842B6784}.Release|Any CPU.ActiveCfg = Release|Any CPU
		{C5839474-FFB3-4390-B254-D590842B6784}.Release|Any CPU.Build.0 = Release|Any CPU
	EndGlobalSection
	GlobalSection(SolutionProperties) = preSolution
		HideSolutionNode = FALSE
	EndGlobalSection
	GlobalSection(ExtensibilityGlobals) = postSolution
		SolutionGuid = {F2D82022-7198-472B-98EA-9B594DA5F63B}
	EndGlobalSection
EndGlobal
