
Microsoft Visual Studio Solution File, Format Version 12.00
# Visual Studio Version 17
VisualStudioVersion = 17.0.31919.166
MinimumVisualStudioVersion = 10.0.40219.1
Project("{FAE04EC0-301F-11D3-BF4B-00C04F79EFBC}") = "TrabalhandoComArquivos", "TrabalhandoComArquivos\TrabalhandoComArquivos.csproj", "{01955CC9-F3AF-4468-A5DF-BE1B353FBB55}"
EndProject
Global
	GlobalSection(SolutionConfigurationPlatforms) = preSolution
		Debug|Any CPU = Debug|Any CPU
		Release|Any CPU = Release|Any CPU
	EndGlobalSection
	GlobalSection(ProjectConfigurationPlatforms) = postSolution
		{01955CC9-F3AF-4468-A5DF-BE1B353FBB55}.Debug|Any CPU.ActiveCfg = Debug|Any CPU
		{01955CC9-F3AF-4468-A5DF-BE1B353FBB55}.Debug|Any CPU.Build.0 = Debug|Any CPU
		{01955CC9-F3AF-4468-A5DF-BE1B353FBB55}.Release|Any CPU.ActiveCfg = Release|Any CPU
		{01955CC9-F3AF-4468-A5DF-BE1B353FBB55}.Release|Any CPU.Build.0 = Release|Any CPU
	EndGlobalSection
	GlobalSection(SolutionProperties) = preSolution
		HideSolutionNode = FALSE
	EndGlobalSection
	GlobalSection(ExtensibilityGlobals) = postSolution
		SolutionGuid = {65479407-318C-4288-AC34-2D31EA5DB6B1}
	EndGlobalSection
EndGlobal
