
Microsoft Visual Studio Solution File, Format Version 12.00
# Visual Studio Version 17
VisualStudioVersion = 17.0.32112.339
MinimumVisualStudioVersion = 10.0.40219.1
Project("{9A19103F-16F7-4668-BE54-9A1E7A4F7556}") = "DevFreela.API", "DevFreela.API\DevFreela.API.csproj", "{3588EB24-8B5D-440A-B375-D07159D3C58E}"
EndProject
Project("{9A19103F-16F7-4668-BE54-9A1E7A4F7556}") = "DevFreela.Core", "DevFreela.Core\DevFreela.Core.csproj", "{B574E438-1451-4ADD-972A-FF67FAFF7761}"
EndProject
Project("{9A19103F-16F7-4668-BE54-9A1E7A4F7556}") = "DevFreela.Infrastructure", "DevFreela.Infrastructure\DevFreela.Infrastructure.csproj", "{26A65111-1392-475C-898B-CB3CA23E3DD6}"
EndProject
Project("{FAE04EC0-301F-11D3-BF4B-00C04F79EFBC}") = "DevFreela.Application", "DevFreela.Application\DevFreela.Application.csproj", "{A2C836C1-0230-4B43-ABC0-B817FB297A0F}"
EndProject
Global
	GlobalSection(SolutionConfigurationPlatforms) = preSolution
		Debug|Any CPU = Debug|Any CPU
		Release|Any CPU = Release|Any CPU
	EndGlobalSection
	GlobalSection(ProjectConfigurationPlatforms) = postSolution
		{3588EB24-8B5D-440A-B375-D07159D3C58E}.Debug|Any CPU.ActiveCfg = Debug|Any CPU
		{3588EB24-8B5D-440A-B375-D07159D3C58E}.Debug|Any CPU.Build.0 = Debug|Any CPU
		{3588EB24-8B5D-440A-B375-D07159D3C58E}.Release|Any CPU.ActiveCfg = Release|Any CPU
		{3588EB24-8B5D-440A-B375-D07159D3C58E}.Release|Any CPU.Build.0 = Release|Any CPU
		{B574E438-1451-4ADD-972A-FF67FAFF7761}.Debug|Any CPU.ActiveCfg = Debug|Any CPU
		{B574E438-1451-4ADD-972A-FF67FAFF7761}.Debug|Any CPU.Build.0 = Debug|Any CPU
		{B574E438-1451-4ADD-972A-FF67FAFF7761}.Release|Any CPU.ActiveCfg = Release|Any CPU
		{B574E438-1451-4ADD-972A-FF67FAFF7761}.Release|Any CPU.Build.0 = Release|Any CPU
		{26A65111-1392-475C-898B-CB3CA23E3DD6}.Debug|Any CPU.ActiveCfg = Debug|Any CPU
		{26A65111-1392-475C-898B-CB3CA23E3DD6}.Debug|Any CPU.Build.0 = Debug|Any CPU
		{26A65111-1392-475C-898B-CB3CA23E3DD6}.Release|Any CPU.ActiveCfg = Release|Any CPU
		{26A65111-1392-475C-898B-CB3CA23E3DD6}.Release|Any CPU.Build.0 = Release|Any CPU
		{A2C836C1-0230-4B43-ABC0-B817FB297A0F}.Debug|Any CPU.ActiveCfg = Debug|Any CPU
		{A2C836C1-0230-4B43-ABC0-B817FB297A0F}.Debug|Any CPU.Build.0 = Debug|Any CPU
		{A2C836C1-0230-4B43-ABC0-B817FB297A0F}.Release|Any CPU.ActiveCfg = Release|Any CPU
		{A2C836C1-0230-4B43-ABC0-B817FB297A0F}.Release|Any CPU.Build.0 = Release|Any CPU
	EndGlobalSection
	GlobalSection(SolutionProperties) = preSolution
		HideSolutionNode = FALSE
	EndGlobalSection
	GlobalSection(ExtensibilityGlobals) = postSolution
		SolutionGuid = {8A5142D7-CC52-4249-94DD-EEBC67679D7B}
	EndGlobalSection
EndGlobal
